// !$*UTF8*$!
{
	archiveVersion = 1;
	classes = {
	};
	objectVersion = 77;
	objects = {

/* Begin PBXBuildFile section */
		349D8AE82DAEF69F00D3461C /* NumberSettings.swift in Sources */ = {isa = PBXBuildFile; fileRef = 349D8AC02DAEF53200D3461C /* NumberSettings.swift */; };
		349D8AE92DAEF6A500D3461C /* NumberSettingsView.swift in Sources */ = {isa = PBXBuildFile; fileRef = 349D8AC42DAEF55A00D3461C /* NumberSettingsView.swift */; };
		349D8AEA2DAEF6A500D3461C /* QuestionGenerator.swift in Sources */ = {isa = PBXBuildFile; fileRef = 349D8AC12DAEF53D00D3461C /* QuestionGenerator.swift */; };
		349D8AEB2DAEF6A500D3461C /* Validation.swift in Sources */ = {isa = PBXBuildFile; fileRef = 349D8AC62DAEF56700D3461C /* Validation.swift */; };
		349D8AEC2DAEF6A500D3461C /* NumberGenerator.swift in Sources */ = {isa = PBXBuildFile; fileRef = 349D8AE72DAEF61000D3461C /* NumberGenerator.swift */; };
		349D8AED2DAEF6A500D3461C /* UniversalTogglesView.swift in Sources */ = {isa = PBXBuildFile; fileRef = 349D8AC32DAEF55300D3461C /* UniversalTogglesView.swift */; };
		349D8AF12DAF19D100D3461C /* Grade9Units.json in Resources */ = {isa = PBXBuildFile; fileRef = 349D8AEF2DAF199400D3461C /* Grade9Units.json */; };
		349D8AF22DAF19D100D3461C /* CurriculumManager.swift in Sources */ = {isa = PBXBuildFile; fileRef = 349D8AF02DAF19B800D3461C /* CurriculumManager.swift */; };
		349D8AF42DAF1B0A00D3461C /* Unit.swift in Sources */ = {isa = PBXBuildFile; fileRef = 349D8AF32DAF1B0800D3461C /* Unit.swift */; };
		349D8AF82DAF26AC00D3461C /* QuestionType.swift in Sources */ = {isa = PBXBuildFile; fileRef = 349D8AF72DAF26A900D3461C /* QuestionType.swift */; };
		349D8AFD2DAF277F00D3461C /* NumberSenseView.swift in Sources */ = {isa = PBXBuildFile; fileRef = 349D8AFC2DAF277C00D3461C /* NumberSenseView.swift */; };
		349D8AFE2DAF294100D3461C /* SimplifyingExpressionGenerator.swift in Sources */ = {isa = PBXBuildFile; fileRef = 349D8AFA2DAF271D00D3461C /* SimplifyingExpressionGenerator.swift */; };
		349D8AFF2DAF294400D3461C /* FillInBlanksGenerator.swift in Sources */ = {isa = PBXBuildFile; fileRef = 349D8AFB2DAF272C00D3461C /* FillInBlanksGenerator.swift */; };
		349D8B022DAF2EBA00D3461C /* ConversionGenerator.swift in Sources */ = {isa = PBXBuildFile; fileRef = 349D8B012DAF2EB400D3461C /* ConversionGenerator.swift */; };
		349D8B042DAF2EC000D3461C /* BEDMASGenerator.swift in Sources */ = {isa = PBXBuildFile; fileRef = 349D8B032DAF2EBD00D3461C /* BEDMASGenerator.swift */; };
		349D8B062DAF2EC600D3461C /* WordProblemGenerator.swift in Sources */ = {isa = PBXBuildFile; fileRef = 349D8B052DAF2EC500D3461C /* WordProblemGenerator.swift */; };
		349D8B092DAF2F3000D3461C /* GenerationUtilities.swift in Sources */ = {isa = PBXBuildFile; fileRef = 349D8B082DAF2F2A00D3461C /* GenerationUtilities.swift */; };
/* End PBXBuildFile section */

/* Begin PBXContainerItemProxy section */
		349D8AA32DAEF51900D3461C /* PBXContainerItemProxy */ = {
			isa = PBXContainerItemProxy;
			containerPortal = 349D8A8C2DAEF51700D3461C /* Project object */;
			proxyType = 1;
			remoteGlobalIDString = 349D8A932DAEF51700D3461C;
			remoteInfo = MathGenerator;
		};
		349D8AAD2DAEF51900D3461C /* PBXContainerItemProxy */ = {
			isa = PBXContainerItemProxy;
			containerPortal = 349D8A8C2DAEF51700D3461C /* Project object */;
			proxyType = 1;
			remoteGlobalIDString = 349D8A932DAEF51700D3461C;
			remoteInfo = MathGenerator;
		};
/* End PBXContainerItemProxy section */

/* Begin PBXFileReference section */
		349D8A942DAEF51700D3461C /* MathGenerator.app */ = {isa = PBXFileReference; explicitFileType = wrapper.application; includeInIndex = 0; path = MathGenerator.app; sourceTree = BUILT_PRODUCTS_DIR; };
		349D8AA22DAEF51900D3461C /* MathGeneratorTests.xctest */ = {isa = PBXFileReference; explicitFileType = wrapper.cfbundle; includeInIndex = 0; path = MathGeneratorTests.xctest; sourceTree = BUILT_PRODUCTS_DIR; };
		349D8AAC2DAEF51900D3461C /* MathGeneratorUITests.xctest */ = {isa = PBXFileReference; explicitFileType = wrapper.cfbundle; includeInIndex = 0; path = MathGeneratorUITests.xctest; sourceTree = BUILT_PRODUCTS_DIR; };
		349D8AC02DAEF53200D3461C /* NumberSettings.swift */ = {isa = PBXFileReference; lastKnownFileType = sourcecode.swift; path = NumberSettings.swift; sourceTree = "<group>"; };
		349D8AC12DAEF53D00D3461C /* QuestionGenerator.swift */ = {isa = PBXFileReference; lastKnownFileType = sourcecode.swift; path = QuestionGenerator.swift; sourceTree = "<group>"; };
		349D8AC32DAEF55300D3461C /* UniversalTogglesView.swift */ = {isa = PBXFileReference; lastKnownFileType = sourcecode.swift; path = UniversalTogglesView.swift; sourceTree = "<group>"; };
		349D8AC42DAEF55A00D3461C /* NumberSettingsView.swift */ = {isa = PBXFileReference; lastKnownFileType = sourcecode.swift; path = NumberSettingsView.swift; sourceTree = "<group>"; };
		349D8AC62DAEF56700D3461C /* Validation.swift */ = {isa = PBXFileReference; lastKnownFileType = sourcecode.swift; path = Validation.swift; sourceTree = "<group>"; };
		349D8AE72DAEF61000D3461C /* NumberGenerator.swift */ = {isa = PBXFileReference; lastKnownFileType = sourcecode.swift; path = NumberGenerator.swift; sourceTree = "<group>"; };
		349D8AEF2DAF199400D3461C /* Grade9Units.json */ = {isa = PBXFileReference; lastKnownFileType = text.json; path = Grade9Units.json; sourceTree = "<group>"; };
		349D8AF02DAF19B800D3461C /* CurriculumManager.swift */ = {isa = PBXFileReference; lastKnownFileType = sourcecode.swift; path = CurriculumManager.swift; sourceTree = "<group>"; };
		349D8AF32DAF1B0800D3461C /* Unit.swift */ = {isa = PBXFileReference; lastKnownFileType = sourcecode.swift; path = Unit.swift; sourceTree = "<group>"; };
		349D8AF72DAF26A900D3461C /* QuestionType.swift */ = {isa = PBXFileReference; lastKnownFileType = sourcecode.swift; path = QuestionType.swift; sourceTree = "<group>"; };
		349D8AFA2DAF271D00D3461C /* SimplifyingExpressionGenerator.swift */ = {isa = PBXFileReference; lastKnownFileType = sourcecode.swift; path = SimplifyingExpressionGenerator.swift; sourceTree = "<group>"; };
		349D8AFB2DAF272C00D3461C /* FillInBlanksGenerator.swift */ = {isa = PBXFileReference; lastKnownFileType = sourcecode.swift; path = FillInBlanksGenerator.swift; sourceTree = "<group>"; };
		349D8AFC2DAF277C00D3461C /* NumberSenseView.swift */ = {isa = PBXFileReference; lastKnownFileType = sourcecode.swift; path = NumberSenseView.swift; sourceTree = "<group>"; };
		349D8B012DAF2EB400D3461C /* ConversionGenerator.swift */ = {isa = PBXFileReference; lastKnownFileType = sourcecode.swift; path = ConversionGenerator.swift; sourceTree = "<group>"; };
		349D8B032DAF2EBD00D3461C /* BEDMASGenerator.swift */ = {isa = PBXFileReference; lastKnownFileType = sourcecode.swift; path = BEDMASGenerator.swift; sourceTree = "<group>"; };
		349D8B052DAF2EC500D3461C /* WordProblemGenerator.swift */ = {isa = PBXFileReference; lastKnownFileType = sourcecode.swift; path = WordProblemGenerator.swift; sourceTree = "<group>"; };
		349D8B082DAF2F2A00D3461C /* GenerationUtilities.swift */ = {isa = PBXFileReference; lastKnownFileType = sourcecode.swift; path = GenerationUtilities.swift; sourceTree = "<group>"; };
/* End PBXFileReference section */

/* Begin PBXFileSystemSynchronizedRootGroup section */
		349D8A962DAEF51700D3461C /* MathGenerator */ = {
			isa = PBXFileSystemSynchronizedRootGroup;
			path = MathGenerator;
			sourceTree = "<group>";
		};
		349D8AA52DAEF51900D3461C /* MathGeneratorTests */ = {
			isa = PBXFileSystemSynchronizedRootGroup;
			path = MathGeneratorTests;
			sourceTree = "<group>";
		};
		349D8AAF2DAEF51900D3461C /* MathGeneratorUITests */ = {
			isa = PBXFileSystemSynchronizedRootGroup;
			path = MathGeneratorUITests;
			sourceTree = "<group>";
		};
/* End PBXFileSystemSynchronizedRootGroup section */

/* Begin PBXFrameworksBuildPhase section */
		349D8A912DAEF51700D3461C /* Frameworks */ = {
			isa = PBXFrameworksBuildPhase;
			buildActionMask = 2147483647;
			files = (
			);
			runOnlyForDeploymentPostprocessing = 0;
		};
		349D8A9F2DAEF51900D3461C /* Frameworks */ = {
			isa = PBXFrameworksBuildPhase;
			buildActionMask = 2147483647;
			files = (
			);
			runOnlyForDeploymentPostprocessing = 0;
		};
		349D8AA92DAEF51900D3461C /* Frameworks */ = {
			isa = PBXFrameworksBuildPhase;
			buildActionMask = 2147483647;
			files = (
			);
			runOnlyForDeploymentPostprocessing = 0;
		};
/* End PBXFrameworksBuildPhase section */

/* Begin PBXGroup section */
		349D8A8B2DAEF51700D3461C = {
			isa = PBXGroup;
			children = (
				349D8AEE2DAF199000D3461C /* Data */,
				349D8ABF2DAEF52B00D3461C /* Models */,
				349D8AC22DAEF54C00D3461C /* Views */,
				349D8AF92DAF271500D3461C /* Generators */,
				349D8AC52DAEF56100D3461C /* Utilities */,
				349D8A962DAEF51700D3461C /* MathGenerator */,
				349D8AA52DAEF51900D3461C /* MathGeneratorTests */,
				349D8AAF2DAEF51900D3461C /* MathGeneratorUITests */,
				349D8A952DAEF51700D3461C /* Products */,
			);
			sourceTree = "<group>";
		};
		349D8A952DAEF51700D3461C /* Products */ = {
			isa = PBXGroup;
			children = (
				349D8A942DAEF51700D3461C /* MathGenerator.app */,
				349D8AA22DAEF51900D3461C /* MathGeneratorTests.xctest */,
				349D8AAC2DAEF51900D3461C /* MathGeneratorUITests.xctest */,
			);
			name = Products;
			sourceTree = "<group>";
		};
		349D8ABF2DAEF52B00D3461C /* Models */ = {
			isa = PBXGroup;
			children = (
				349D8AF32DAF1B0800D3461C /* Unit.swift */,
				349D8AF72DAF26A900D3461C /* QuestionType.swift */,
				349D8AC02DAEF53200D3461C /* NumberSettings.swift */,
				349D8AC12DAEF53D00D3461C /* QuestionGenerator.swift */,
			);
			path = Models;
			sourceTree = "<group>";
		};
		349D8AC22DAEF54C00D3461C /* Views */ = {
			isa = PBXGroup;
			children = (
				349D8AFC2DAF277C00D3461C /* NumberSenseView.swift */,
				349D8AC42DAEF55A00D3461C /* NumberSettingsView.swift */,
				349D8AC32DAEF55300D3461C /* UniversalTogglesView.swift */,
			);
			path = Views;
			sourceTree = "<group>";
		};
		349D8AC52DAEF56100D3461C /* Utilities */ = {
			isa = PBXGroup;
			children = (
				349D8AF02DAF19B800D3461C /* CurriculumManager.swift */,
				349D8AC62DAEF56700D3461C /* Validation.swift */,
				349D8AE72DAEF61000D3461C /* NumberGenerator.swift */,
			);
			path = Utilities;
			sourceTree = "<group>";
		};
		349D8AEE2DAF199000D3461C /* Data */ = {
			isa = PBXGroup;
			children = (
				349D8AEF2DAF199400D3461C /* Grade9Units.json */,
			);
			path = Data;
			sourceTree = "<group>";
		};
		349D8AF92DAF271500D3461C /* Generators */ = {
			isa = PBXGroup;
			children = (
				349D8B002DAF2EA800D3461C /* Number Sense */,
				349D8B072DAF2F1200D3461C /* Core */,
			);
			path = Generators;
			sourceTree = "<group>";
		};
		349D8B002DAF2EA800D3461C /* Number Sense */ = {
			isa = PBXGroup;
			children = (
				349D8AFA2DAF271D00D3461C /* SimplifyingExpressionGenerator.swift */,
				349D8AFB2DAF272C00D3461C /* FillInBlanksGenerator.swift */,
				349D8B012DAF2EB400D3461C /* ConversionGenerator.swift */,
				349D8B032DAF2EBD00D3461C /* BEDMASGenerator.swift */,
				349D8B052DAF2EC500D3461C /* WordProblemGenerator.swift */,
			);
			path = "Number Sense";
			sourceTree = "<group>";
		};
		349D8B072DAF2F1200D3461C /* Core */ = {
			isa = PBXGroup;
			children = (
				349D8B082DAF2F2A00D3461C /* GenerationUtilities.swift */,
			);
			path = Core;
			sourceTree = "<group>";
		};
/* End PBXGroup section */

/* Begin PBXNativeTarget section */
		349D8A932DAEF51700D3461C /* MathGenerator */ = {
			isa = PBXNativeTarget;
			buildConfigurationList = 349D8AB62DAEF51900D3461C /* Build configuration list for PBXNativeTarget "MathGenerator" */;
			buildPhases = (
				349D8A902DAEF51700D3461C /* Sources */,
				349D8A912DAEF51700D3461C /* Frameworks */,
				349D8A922DAEF51700D3461C /* Resources */,
			);
			buildRules = (
			);
			dependencies = (
			);
			fileSystemSynchronizedGroups = (
				349D8A962DAEF51700D3461C /* MathGenerator */,
			);
			name = MathGenerator;
			packageProductDependencies = (
			);
			productName = MathGenerator;
			productReference = 349D8A942DAEF51700D3461C /* MathGenerator.app */;
			productType = "com.apple.product-type.application";
		};
		349D8AA12DAEF51900D3461C /* MathGeneratorTests */ = {
			isa = PBXNativeTarget;
			buildConfigurationList = 349D8AB92DAEF51900D3461C /* Build configuration list for PBXNativeTarget "MathGeneratorTests" */;
			buildPhases = (
				349D8A9E2DAEF51900D3461C /* Sources */,
				349D8A9F2DAEF51900D3461C /* Frameworks */,
				349D8AA02DAEF51900D3461C /* Resources */,
			);
			buildRules = (
			);
			dependencies = (
				349D8AA42DAEF51900D3461C /* PBXTargetDependency */,
			);
			fileSystemSynchronizedGroups = (
				349D8AA52DAEF51900D3461C /* MathGeneratorTests */,
			);
			name = MathGeneratorTests;
			packageProductDependencies = (
			);
			productName = MathGeneratorTests;
			productReference = 349D8AA22DAEF51900D3461C /* MathGeneratorTests.xctest */;
			productType = "com.apple.product-type.bundle.unit-test";
		};
		349D8AAB2DAEF51900D3461C /* MathGeneratorUITests */ = {
			isa = PBXNativeTarget;
			buildConfigurationList = 349D8ABC2DAEF51900D3461C /* Build configuration list for PBXNativeTarget "MathGeneratorUITests" */;
			buildPhases = (
				349D8AA82DAEF51900D3461C /* Sources */,
				349D8AA92DAEF51900D3461C /* Frameworks */,
				349D8AAA2DAEF51900D3461C /* Resources */,
			);
			buildRules = (
			);
			dependencies = (
				349D8AAE2DAEF51900D3461C /* PBXTargetDependency */,
			);
			fileSystemSynchronizedGroups = (
				349D8AAF2DAEF51900D3461C /* MathGeneratorUITests */,
			);
			name = MathGeneratorUITests;
			packageProductDependencies = (
			);
			productName = MathGeneratorUITests;
			productReference = 349D8AAC2DAEF51900D3461C /* MathGeneratorUITests.xctest */;
			productType = "com.apple.product-type.bundle.ui-testing";
		};
/* End PBXNativeTarget section */

/* Begin PBXProject section */
		349D8A8C2DAEF51700D3461C /* Project object */ = {
			isa = PBXProject;
			attributes = {
				BuildIndependentTargetsInParallel = 1;
				LastSwiftUpdateCheck = 1630;
				LastUpgradeCheck = 1630;
				TargetAttributes = {
					349D8A932DAEF51700D3461C = {
						CreatedOnToolsVersion = 16.3;
					};
					349D8AA12DAEF51900D3461C = {
						CreatedOnToolsVersion = 16.3;
						TestTargetID = 349D8A932DAEF51700D3461C;
					};
					349D8AAB2DAEF51900D3461C = {
						CreatedOnToolsVersion = 16.3;
						TestTargetID = 349D8A932DAEF51700D3461C;
					};
				};
			};
			buildConfigurationList = 349D8A8F2DAEF51700D3461C /* Build configuration list for PBXProject "MathGenerator" */;
			developmentRegion = en;
			hasScannedForEncodings = 0;
			knownRegions = (
				en,
				Base,
			);
			mainGroup = 349D8A8B2DAEF51700D3461C;
			minimizedProjectReferenceProxies = 1;
			preferredProjectObjectVersion = 77;
			productRefGroup = 349D8A952DAEF51700D3461C /* Products */;
			projectDirPath = "";
			projectRoot = "";
			targets = (
				349D8A932DAEF51700D3461C /* MathGenerator */,
				349D8AA12DAEF51900D3461C /* MathGeneratorTests */,
				349D8AAB2DAEF51900D3461C /* MathGeneratorUITests */,
			);
		};
/* End PBXProject section */

/* Begin PBXResourcesBuildPhase section */
		349D8A922DAEF51700D3461C /* Resources */ = {
			isa = PBXResourcesBuildPhase;
			buildActionMask = 2147483647;
			files = (
				349D8AF12DAF19D100D3461C /* Grade9Units.json in Resources */,
			);
			runOnlyForDeploymentPostprocessing = 0;
		};
		349D8AA02DAEF51900D3461C /* Resources */ = {
			isa = PBXResourcesBuildPhase;
			buildActionMask = 2147483647;
			files = (
			);
			runOnlyForDeploymentPostprocessing = 0;
		};
		349D8AAA2DAEF51900D3461C /* Resources */ = {
			isa = PBXResourcesBuildPhase;
			buildActionMask = 2147483647;
			files = (
			);
			runOnlyForDeploymentPostprocessing = 0;
		};
/* End PBXResourcesBuildPhase section */

/* Begin PBXSourcesBuildPhase section */
		349D8A902DAEF51700D3461C /* Sources */ = {
			isa = PBXSourcesBuildPhase;
			buildActionMask = 2147483647;
			files = (
				349D8B092DAF2F3000D3461C /* GenerationUtilities.swift in Sources */,
				349D8AFF2DAF294400D3461C /* FillInBlanksGenerator.swift in Sources */,
				349D8AE92DAEF6A500D3461C /* NumberSettingsView.swift in Sources */,
				349D8B042DAF2EC000D3461C /* BEDMASGenerator.swift in Sources */,
				349D8AEA2DAEF6A500D3461C /* QuestionGenerator.swift in Sources */,
				349D8AEB2DAEF6A500D3461C /* Validation.swift in Sources */,
				349D8AEC2DAEF6A500D3461C /* NumberGenerator.swift in Sources */,
				349D8AF42DAF1B0A00D3461C /* Unit.swift in Sources */,
				349D8AED2DAEF6A500D3461C /* UniversalTogglesView.swift in Sources */,
				349D8AFE2DAF294100D3461C /* SimplifyingExpressionGenerator.swift in Sources */,
				349D8AE82DAEF69F00D3461C /* NumberSettings.swift in Sources */,
				349D8B062DAF2EC600D3461C /* WordProblemGenerator.swift in Sources */,
				349D8AF22DAF19D100D3461C /* CurriculumManager.swift in Sources */,
				349D8AF82DAF26AC00D3461C /* QuestionType.swift in Sources */,
				349D8AFD2DAF277F00D3461C /* NumberSenseView.swift in Sources */,
				349D8B022DAF2EBA00D3461C /* ConversionGenerator.swift in Sources */,
			);
			runOnlyForDeploymentPostprocessing = 0;
		};
		349D8A9E2DAEF51900D3461C /* Sources */ = {
			isa = PBXSourcesBuildPhase;
			buildActionMask = 2147483647;
			files = (
			);
			runOnlyForDeploymentPostprocessing = 0;
		};
		349D8AA82DAEF51900D3461C /* Sources */ = {
			isa = PBXSourcesBuildPhase;
			buildActionMask = 2147483647;
			files = (
			);
			runOnlyForDeploymentPostprocessing = 0;
		};
/* End PBXSourcesBuildPhase section */

/* Begin PBXTargetDependency section */
		349D8AA42DAEF51900D3461C /* PBXTargetDependency */ = {
			isa = PBXTargetDependency;
			target = 349D8A932DAEF51700D3461C /* MathGenerator */;
			targetProxy = 349D8AA32DAEF51900D3461C /* PBXContainerItemProxy */;
		};
		349D8AAE2DAEF51900D3461C /* PBXTargetDependency */ = {
			isa = PBXTargetDependency;
			target = 349D8A932DAEF51700D3461C /* MathGenerator */;
			targetProxy = 349D8AAD2DAEF51900D3461C /* PBXContainerItemProxy */;
		};
/* End PBXTargetDependency section */

/* Begin XCBuildConfiguration section */
		349D8AB42DAEF51900D3461C /* Debug */ = {
			isa = XCBuildConfiguration;
			buildSettings = {
				ALWAYS_SEARCH_USER_PATHS = NO;
				ASSETCATALOG_COMPILER_GENERATE_SWIFT_ASSET_SYMBOL_EXTENSIONS = YES;
				CLANG_ANALYZER_NONNULL = YES;
				CLANG_ANALYZER_NUMBER_OBJECT_CONVERSION = YES_AGGRESSIVE;
				CLANG_CXX_LANGUAGE_STANDARD = "gnu++20";
				CLANG_ENABLE_MODULES = YES;
				CLANG_ENABLE_OBJC_ARC = YES;
				CLANG_ENABLE_OBJC_WEAK = YES;
				CLANG_WARN_BLOCK_CAPTURE_AUTORELEASING = YES;
				CLANG_WARN_BOOL_CONVERSION = YES;
				CLANG_WARN_COMMA = YES;
				CLANG_WARN_CONSTANT_CONVERSION = YES;
				CLANG_WARN_DEPRECATED_OBJC_IMPLEMENTATIONS = YES;
				CLANG_WARN_DIRECT_OBJC_ISA_USAGE = YES_ERROR;
				CLANG_WARN_DOCUMENTATION_COMMENTS = YES;
				CLANG_WARN_EMPTY_BODY = YES;
				CLANG_WARN_ENUM_CONVERSION = YES;
				CLANG_WARN_INFINITE_RECURSION = YES;
				CLANG_WARN_INT_CONVERSION = YES;
				CLANG_WARN_NON_LITERAL_NULL_CONVERSION = YES;
				CLANG_WARN_OBJC_IMPLICIT_RETAIN_SELF = YES;
				CLANG_WARN_OBJC_LITERAL_CONVERSION = YES;
				CLANG_WARN_OBJC_ROOT_CLASS = YES_ERROR;
				CLANG_WARN_QUOTED_INCLUDE_IN_FRAMEWORK_HEADER = YES;
				CLANG_WARN_RANGE_LOOP_ANALYSIS = YES;
				CLANG_WARN_STRICT_PROTOTYPES = YES;
				CLANG_WARN_SUSPICIOUS_MOVE = YES;
				CLANG_WARN_UNGUARDED_AVAILABILITY = YES_AGGRESSIVE;
				CLANG_WARN_UNREACHABLE_CODE = YES;
				CLANG_WARN__DUPLICATE_METHOD_MATCH = YES;
				COPY_PHASE_STRIP = NO;
				DEBUG_INFORMATION_FORMAT = dwarf;
				ENABLE_STRICT_OBJC_MSGSEND = YES;
				ENABLE_TESTABILITY = YES;
				ENABLE_USER_SCRIPT_SANDBOXING = YES;
				GCC_C_LANGUAGE_STANDARD = gnu17;
				GCC_DYNAMIC_NO_PIC = NO;
				GCC_NO_COMMON_BLOCKS = YES;
				GCC_OPTIMIZATION_LEVEL = 0;
				GCC_PREPROCESSOR_DEFINITIONS = (
					"DEBUG=1",
					"$(inherited)",
				);
				GCC_WARN_64_TO_32_BIT_CONVERSION = YES;
				GCC_WARN_ABOUT_RETURN_TYPE = YES_ERROR;
				GCC_WARN_UNDECLARED_SELECTOR = YES;
				GCC_WARN_UNINITIALIZED_AUTOS = YES_AGGRESSIVE;
				GCC_WARN_UNUSED_FUNCTION = YES;
				GCC_WARN_UNUSED_VARIABLE = YES;
				LOCALIZATION_PREFERS_STRING_CATALOGS = YES;
				MACOSX_DEPLOYMENT_TARGET = 15.3;
				MTL_ENABLE_DEBUG_INFO = INCLUDE_SOURCE;
				MTL_FAST_MATH = YES;
				ONLY_ACTIVE_ARCH = YES;
				SDKROOT = macosx;
				SWIFT_ACTIVE_COMPILATION_CONDITIONS = "DEBUG $(inherited)";
				SWIFT_OPTIMIZATION_LEVEL = "-Onone";
			};
			name = Debug;
		};
		349D8AB52DAEF51900D3461C /* Release */ = {
			isa = XCBuildConfiguration;
			buildSettings = {
				ALWAYS_SEARCH_USER_PATHS = NO;
				ASSETCATALOG_COMPILER_GENERATE_SWIFT_ASSET_SYMBOL_EXTENSIONS = YES;
				CLANG_ANALYZER_NONNULL = YES;
				CLANG_ANALYZER_NUMBER_OBJECT_CONVERSION = YES_AGGRESSIVE;
				CLANG_CXX_LANGUAGE_STANDARD = "gnu++20";
				CLANG_ENABLE_MODULES = YES;
				CLANG_ENABLE_OBJC_ARC = YES;
				CLANG_ENABLE_OBJC_WEAK = YES;
				CLANG_WARN_BLOCK_CAPTURE_AUTORELEASING = YES;
				CLANG_WARN_BOOL_CONVERSION = YES;
				CLANG_WARN_COMMA = YES;
				CLANG_WARN_CONSTANT_CONVERSION = YES;
				CLANG_WARN_DEPRECATED_OBJC_IMPLEMENTATIONS = YES;
				CLANG_WARN_DIRECT_OBJC_ISA_USAGE = YES_ERROR;
				CLANG_WARN_DOCUMENTATION_COMMENTS = YES;
				CLANG_WARN_EMPTY_BODY = YES;
				CLANG_WARN_ENUM_CONVERSION = YES;
				CLANG_WARN_INFINITE_RECURSION = YES;
				CLANG_WARN_INT_CONVERSION = YES;
				CLANG_WARN_NON_LITERAL_NULL_CONVERSION = YES;
				CLANG_WARN_OBJC_IMPLICIT_RETAIN_SELF = YES;
				CLANG_WARN_OBJC_LITERAL_CONVERSION = YES;
				CLANG_WARN_OBJC_ROOT_CLASS = YES_ERROR;
				CLANG_WARN_QUOTED_INCLUDE_IN_FRAMEWORK_HEADER = YES;
				CLANG_WARN_RANGE_LOOP_ANALYSIS = YES;
				CLANG_WARN_STRICT_PROTOTYPES = YES;
				CLANG_WARN_SUSPICIOUS_MOVE = YES;
				CLANG_WARN_UNGUARDED_AVAILABILITY = YES_AGGRESSIVE;
				CLANG_WARN_UNREACHABLE_CODE = YES;
				CLANG_WARN__DUPLICATE_METHOD_MATCH = YES;
				COPY_PHASE_STRIP = NO;
				DEBUG_INFORMATION_FORMAT = "dwarf-with-dsym";
				ENABLE_NS_ASSERTIONS = NO;
				ENABLE_STRICT_OBJC_MSGSEND = YES;
				ENABLE_USER_SCRIPT_SANDBOXING = YES;
				GCC_C_LANGUAGE_STANDARD = gnu17;
				GCC_NO_COMMON_BLOCKS = YES;
				GCC_WARN_64_TO_32_BIT_CONVERSION = YES;
				GCC_WARN_ABOUT_RETURN_TYPE = YES_ERROR;
				GCC_WARN_UNDECLARED_SELECTOR = YES;
				GCC_WARN_UNINITIALIZED_AUTOS = YES_AGGRESSIVE;
				GCC_WARN_UNUSED_FUNCTION = YES;
				GCC_WARN_UNUSED_VARIABLE = YES;
				LOCALIZATION_PREFERS_STRING_CATALOGS = YES;
				MACOSX_DEPLOYMENT_TARGET = 15.3;
				MTL_ENABLE_DEBUG_INFO = NO;
				MTL_FAST_MATH = YES;
				SDKROOT = macosx;
				SWIFT_COMPILATION_MODE = wholemodule;
			};
			name = Release;
		};
		349D8AB72DAEF51900D3461C /* Debug */ = {
			isa = XCBuildConfiguration;
			buildSettings = {
				ASSETCATALOG_COMPILER_APPICON_NAME = AppIcon;
				ASSETCATALOG_COMPILER_GLOBAL_ACCENT_COLOR_NAME = AccentColor;
				CODE_SIGN_ENTITLEMENTS = MathGenerator/MathGenerator.entitlements;
				CODE_SIGN_STYLE = Automatic;
				COMBINE_HIDPI_IMAGES = YES;
				CURRENT_PROJECT_VERSION = 1;
				ENABLE_PREVIEWS = YES;
				GENERATE_INFOPLIST_FILE = YES;
				INFOPLIST_KEY_NSHumanReadableCopyright = "";
				LD_RUNPATH_SEARCH_PATHS = (
					"$(inherited)",
					"@executable_path/../Frameworks",
				);
				MARKETING_VERSION = 1.0;
				PRODUCT_BUNDLE_IDENTIFIER = matthat22.MathGenerator;
				PRODUCT_NAME = "$(TARGET_NAME)";
				REGISTER_APP_GROUPS = YES;
				SWIFT_EMIT_LOC_STRINGS = YES;
				SWIFT_VERSION = 5.0;
			};
			name = Debug;
		};
		349D8AB82DAEF51900D3461C /* Release */ = {
			isa = XCBuildConfiguration;
			buildSettings = {
				ASSETCATALOG_COMPILER_APPICON_NAME = AppIcon;
				ASSETCATALOG_COMPILER_GLOBAL_ACCENT_COLOR_NAME = AccentColor;
				CODE_SIGN_ENTITLEMENTS = MathGenerator/MathGenerator.entitlements;
				CODE_SIGN_STYLE = Automatic;
				COMBINE_HIDPI_IMAGES = YES;
				CURRENT_PROJECT_VERSION = 1;
				ENABLE_PREVIEWS = YES;
				GENERATE_INFOPLIST_FILE = YES;
				INFOPLIST_KEY_NSHumanReadableCopyright = "";
				LD_RUNPATH_SEARCH_PATHS = (
					"$(inherited)",
					"@executable_path/../Frameworks",
				);
				MARKETING_VERSION = 1.0;
				PRODUCT_BUNDLE_IDENTIFIER = matthat22.MathGenerator;
				PRODUCT_NAME = "$(TARGET_NAME)";
				REGISTER_APP_GROUPS = YES;
				SWIFT_EMIT_LOC_STRINGS = YES;
				SWIFT_VERSION = 5.0;
			};
			name = Release;
		};
		349D8ABA2DAEF51900D3461C /* Debug */ = {
			isa = XCBuildConfiguration;
			buildSettings = {
				BUNDLE_LOADER = "$(TEST_HOST)";
				CODE_SIGN_STYLE = Automatic;
				CURRENT_PROJECT_VERSION = 1;
				GENERATE_INFOPLIST_FILE = YES;
				MACOSX_DEPLOYMENT_TARGET = 15.3;
				MARKETING_VERSION = 1.0;
				PRODUCT_BUNDLE_IDENTIFIER = matthat22.MathGeneratorTests;
				PRODUCT_NAME = "$(TARGET_NAME)";
				SWIFT_EMIT_LOC_STRINGS = NO;
				SWIFT_VERSION = 5.0;
				TEST_HOST = "$(BUILT_PRODUCTS_DIR)/MathGenerator.app/$(BUNDLE_EXECUTABLE_FOLDER_PATH)/MathGenerator";
			};
			name = Debug;
		};
		349D8ABB2DAEF51900D3461C /* Release */ = {
			isa = XCBuildConfiguration;
			buildSettings = {
				BUNDLE_LOADER = "$(TEST_HOST)";
				CODE_SIGN_STYLE = Automatic;
				CURRENT_PROJECT_VERSION = 1;
				GENERATE_INFOPLIST_FILE = YES;
				MACOSX_DEPLOYMENT_TARGET = 15.3;
				MARKETING_VERSION = 1.0;
				PRODUCT_BUNDLE_IDENTIFIER = matthat22.MathGeneratorTests;
				PRODUCT_NAME = "$(TARGET_NAME)";
				SWIFT_EMIT_LOC_STRINGS = NO;
				SWIFT_VERSION = 5.0;
				TEST_HOST = "$(BUILT_PRODUCTS_DIR)/MathGenerator.app/$(BUNDLE_EXECUTABLE_FOLDER_PATH)/MathGenerator";
			};
			name = Release;
		};
		349D8ABD2DAEF51900D3461C /* Debug */ = {
			isa = XCBuildConfiguration;
			buildSettings = {
				CODE_SIGN_STYLE = Automatic;
				CURRENT_PROJECT_VERSION = 1;
				GENERATE_INFOPLIST_FILE = YES;
				MARKETING_VERSION = 1.0;
				PRODUCT_BUNDLE_IDENTIFIER = matthat22.MathGeneratorUITests;
				PRODUCT_NAME = "$(TARGET_NAME)";
				SWIFT_EMIT_LOC_STRINGS = NO;
				SWIFT_VERSION = 5.0;
				TEST_TARGET_NAME = MathGenerator;
			};
			name = Debug;
		};
		349D8ABE2DAEF51900D3461C /* Release */ = {
			isa = XCBuildConfiguration;
			buildSettings = {
				CODE_SIGN_STYLE = Automatic;
				CURRENT_PROJECT_VERSION = 1;
				GENERATE_INFOPLIST_FILE = YES;
				MARKETING_VERSION = 1.0;
				PRODUCT_BUNDLE_IDENTIFIER = matthat22.MathGeneratorUITests;
				PRODUCT_NAME = "$(TARGET_NAME)";
				SWIFT_EMIT_LOC_STRINGS = NO;
				SWIFT_VERSION = 5.0;
				TEST_TARGET_NAME = MathGenerator;
			};
			name = Release;
		};
/* End XCBuildConfiguration section */

/* Begin XCConfigurationList section */
		349D8A8F2DAEF51700D3461C /* Build configuration list for PBXProject "MathGenerator" */ = {
			isa = XCConfigurationList;
			buildConfigurations = (
				349D8AB42DAEF51900D3461C /* Debug */,
				349D8AB52DAEF51900D3461C /* Release */,
			);
			defaultConfigurationIsVisible = 0;
			defaultConfigurationName = Release;
		};
		349D8AB62DAEF51900D3461C /* Build configuration list for PBXNativeTarget "MathGenerator" */ = {
			isa = XCConfigurationList;
			buildConfigurations = (
				349D8AB72DAEF51900D3461C /* Debug */,
				349D8AB82DAEF51900D3461C /* Release */,
			);
			defaultConfigurationIsVisible = 0;
			defaultConfigurationName = Release;
		};
		349D8AB92DAEF51900D3461C /* Build configuration list for PBXNativeTarget "MathGeneratorTests" */ = {
			isa = XCConfigurationList;
			buildConfigurations = (
				349D8ABA2DAEF51900D3461C /* Debug */,
				349D8ABB2DAEF51900D3461C /* Release */,
			);
			defaultConfigurationIsVisible = 0;
			defaultConfigurationName = Release;
		};
		349D8ABC2DAEF51900D3461C /* Build configuration list for PBXNativeTarget "MathGeneratorUITests" */ = {
			isa = XCConfigurationList;
			buildConfigurations = (
				349D8ABD2DAEF51900D3461C /* Debug */,
				349D8ABE2DAEF51900D3461C /* Release */,
			);
			defaultConfigurationIsVisible = 0;
			defaultConfigurationName = Release;
		};
/* End XCConfigurationList section */
	};
	rootObject = 349D8A8C2DAEF51700D3461C /* Project object */;
}
